
Microsoft Visual Studio Solution File, Format Version 12.00
# Visual Studio Version 17
VisualStudioVersion = 17.7.34202.233
MinimumVisualStudioVersion = 10.0.40219.1
Project("{8BC9CEB8-8B4A-11D0-8D11-00A0C91BC942}") = "PR 6.3 rec", "PR 6.3 rec\PR 6.3 rec.vcxproj", "{81B78D43-A0D8-4F95-BB0E-A1D6B7804465}"
EndProject
Project("{8BC9CEB8-8B4A-11D0-8D11-00A0C91BC942}") = "UnitTest1", "UnitTest1\UnitTest1.vcxproj", "{EBDB36AC-421A-457B-B2AE-0113A32C7035}"
EndProject
Global
	GlobalSection(SolutionConfigurationPlatforms) = preSolution
		Debug|x64 = Debug|x64
		Debug|x86 = Debug|x86
		Release|x64 = Release|x64
		Release|x86 = Release|x86
	EndGlobalSection
	GlobalSection(ProjectConfigurationPlatforms) = postSolution
		{81B78D43-A0D8-4F95-BB0E-A1D6B7804465}.Debug|x64.ActiveCfg = Debug|x64
		{81B78D43-A0D8-4F95-BB0E-A1D6B7804465}.Debug|x64.Build.0 = Debug|x64
		{81B78D43-A0D8-4F95-BB0E-A1D6B7804465}.Debug|x86.ActiveCfg = Debug|Win32
		{81B78D43-A0D8-4F95-BB0E-A1D6B7804465}.Debug|x86.Build.0 = Debug|Win32
		{81B78D43-A0D8-4F95-BB0E-A1D6B7804465}.Release|x64.ActiveCfg = Release|x64
		{81B78D43-A0D8-4F95-BB0E-A1D6B7804465}.Release|x64.Build.0 = Release|x64
		{81B78D43-A0D8-4F95-BB0E-A1D6B7804465}.Release|x86.ActiveCfg = Release|Win32
		{81B78D43-A0D8-4F95-BB0E-A1D6B7804465}.Release|x86.Build.0 = Release|Win32
		{EBDB36AC-421A-457B-B2AE-0113A32C7035}.Debug|x64.ActiveCfg = Debug|x64
		{EBDB36AC-421A-457B-B2AE-0113A32C7035}.Debug|x64.Build.0 = Debug|x64
		{EBDB36AC-421A-457B-B2AE-0113A32C7035}.Debug|x86.ActiveCfg = Debug|Win32
		{EBDB36AC-421A-457B-B2AE-0113A32C7035}.Debug|x86.Build.0 = Debug|Win32
		{EBDB36AC-421A-457B-B2AE-0113A32C7035}.Release|x64.ActiveCfg = Release|x64
		{EBDB36AC-421A-457B-B2AE-0113A32C7035}.Release|x64.Build.0 = Release|x64
		{EBDB36AC-421A-457B-B2AE-0113A32C7035}.Release|x86.ActiveCfg = Release|Win32
		{EBDB36AC-421A-457B-B2AE-0113A32C7035}.Release|x86.Build.0 = Release|Win32
	EndGlobalSection
	GlobalSection(SolutionProperties) = preSolution
		HideSolutionNode = FALSE
	EndGlobalSection
	GlobalSection(ExtensibilityGlobals) = postSolution
		SolutionGuid = {5DA9258A-49E1-484E-B15E-98CB38EB845B}
	EndGlobalSection
EndGlobal
